{
  "name": "Lumiq",
  "lockfileVersion": 3,
  "requires": true,
  "packages": {
    "": {
      "devDependencies": {
        "@types/debug": "^4.1.12",
        "@types/ms": "^2.1.0",
        "@types/validator": "^13.15.8"
      }
    },
    "node_modules/@types/debug": {
      "version": "4.1.12",
      "resolved": "https://registry.npmjs.org/@types/debug/-/debug-4.1.12.tgz",
      "integrity": "sha512-vIChWdVG3LG1SMxEvI/AK+FWJthlrqlTu7fbrlywTkkaONwk/UAGaULXRlf8vkzFBLVm0zkMdCquhL5aOjhXPQ==",
      "dev": true,
      "license": "MIT",
      "dependencies": {
        "@types/ms": "*"
      }
    },
    "node_modules/@types/ms": {
      "version": "2.1.0",
      "resolved": "https://registry.npmjs.org/@types/ms/-/ms-2.1.0.tgz",
      "integrity": "sha512-GsCCIZDE/p3i96vtEqx+7dBUGXrc7zeSK3wwPHIaRThS+9OhWIXRqzs4d6k1SVU8g91DrNRWxWUGhp5KXQb2VA==",
      "dev": true,
      "license": "MIT"
    },
    "node_modules/@types/validator": {
      "version": "13.15.8",
      "resolved": "https://registry.npmjs.org/@types/validator/-/validator-13.15.8.tgz",
      "integrity": "sha512-/NAHBJ0RwpsbLzzbLoLm/GnvCGB+A0/p5S61RUIsh7j3MP2dMkdUbWNdFqnluLlUheAs1CR2GlX2R7uzb7Tc0w==",
      "dev": true,
      "license": "MIT"
    }
  }
}
